
Microsoft Visual Studio Solution File, Format Version 12.00
# Visual Studio 15
VisualStudioVersion = 15.0.26730.12
MinimumVisualStudioVersion = 10.0.40219.1
Project("{2150E333-8FDC-42A3-9474-1A3956D46DE8}") = "Feature", "Feature", "{17DD5718-6E13-4F2C-9738-B410396D4552}"
EndProject
Project("{2150E333-8FDC-42A3-9474-1A3956D46DE8}") = "Foundation", "Foundation", "{4FDA1DCD-D33E-447E-91C1-F4AE818E2CF0}"
EndProject
Project("{2150E333-8FDC-42A3-9474-1A3956D46DE8}") = "Project", "Project", "{15D97D61-D597-42EC-B7E9-E9EC8130E630}"
EndProject
Project("{2150E333-8FDC-42A3-9474-1A3956D46DE8}") = "Configuration", "Configuration", "{ADCA10F7-A1D2-407B-8074-60418168C02E}"
	ProjectSection(SolutionItems) = preProject
		.editorconfig = .editorconfig
		.gitattributes = .gitattributes
		.gitignore = .gitignore
		nuget.config = nuget.config
		README.md = README.md
	EndProjectSection
EndProject
Project("{2150E333-8FDC-42A3-9474-1A3956D46DE8}") = "Documentation", "Documentation", "{DAFED8F5-6CBD-4384-AAD6-DC3BCCF24911}"
	ProjectSection(SolutionItems) = preProject
		documentation\README.md = documentation\README.md
	EndProjectSection
EndProject
Project("{2150E333-8FDC-42A3-9474-1A3956D46DE8}") = "images", "images", "{D27C83D2-2EAF-4E44-A1ED-2B3C2EBB5854}"
	ProjectSection(SolutionItems) = preProject
		documentation\images\deal-with-it.gif = documentation\images\deal-with-it.gif
		documentation\images\hackathon.png = documentation\images\hackathon.png
	EndProjectSection
EndProject
Project("{FAE04EC0-301F-11D3-BF4B-00C04F79EFBC}") = "Hackathon.Feature.DynamicItemsSelection", "src\Feature\DynamicItemsSelection\Hackathon.Feature.DynamicItemsSelection\Hackathon.Feature.DynamicItemsSelection.csproj", "{81B61972-FFC7-436A-816D-29681A18BDA1}"
EndProject
Project("{FAE04EC0-301F-11D3-BF4B-00C04F79EFBC}") = "Hackathon.Feature.DynamicDelete", "src\Feature\DynamicDelete\Hackathon.Feature.DynamicDelete\Hackathon.Feature.DynamicDelete.csproj", "{A2C9166D-6C2C-4410-AE25-887997E3271E}"
EndProject
Project("{FAE04EC0-301F-11D3-BF4B-00C04F79EFBC}") = "Hackathon.Feature.DynamicPublish", "src\Feature\DynamicPublish\Hackathon.Feature.DynamicPublish\Hackathon.Feature.DynamicPublish.csproj", "{310BE174-7E6A-4C3F-BD2B-5B37478A9041}"
EndProject
Project("{FAE04EC0-301F-11D3-BF4B-00C04F79EFBC}") = "Hackathon.Project.Site", "src\Project\Hackathon.Project.Site\Hackathon.Project.Site.csproj", "{BB961015-2B1E-46C7-91E3-3DCBAB7B6C07}"
EndProject
Global
	GlobalSection(SolutionConfigurationPlatforms) = preSolution
		Debug|Any CPU = Debug|Any CPU
		Release|Any CPU = Release|Any CPU
	EndGlobalSection
	GlobalSection(ProjectConfigurationPlatforms) = postSolution
		{81B61972-FFC7-436A-816D-29681A18BDA1}.Debug|Any CPU.ActiveCfg = Debug|Any CPU
		{81B61972-FFC7-436A-816D-29681A18BDA1}.Debug|Any CPU.Build.0 = Debug|Any CPU
		{81B61972-FFC7-436A-816D-29681A18BDA1}.Release|Any CPU.ActiveCfg = Release|Any CPU
		{81B61972-FFC7-436A-816D-29681A18BDA1}.Release|Any CPU.Build.0 = Release|Any CPU
		{A2C9166D-6C2C-4410-AE25-887997E3271E}.Debug|Any CPU.ActiveCfg = Debug|Any CPU
		{A2C9166D-6C2C-4410-AE25-887997E3271E}.Debug|Any CPU.Build.0 = Debug|Any CPU
		{A2C9166D-6C2C-4410-AE25-887997E3271E}.Release|Any CPU.ActiveCfg = Release|Any CPU
		{A2C9166D-6C2C-4410-AE25-887997E3271E}.Release|Any CPU.Build.0 = Release|Any CPU
		{310BE174-7E6A-4C3F-BD2B-5B37478A9041}.Debug|Any CPU.ActiveCfg = Debug|Any CPU
		{310BE174-7E6A-4C3F-BD2B-5B37478A9041}.Debug|Any CPU.Build.0 = Debug|Any CPU
		{310BE174-7E6A-4C3F-BD2B-5B37478A9041}.Release|Any CPU.ActiveCfg = Release|Any CPU
		{310BE174-7E6A-4C3F-BD2B-5B37478A9041}.Release|Any CPU.Build.0 = Release|Any CPU
		{BB961015-2B1E-46C7-91E3-3DCBAB7B6C07}.Debug|Any CPU.ActiveCfg = Debug|Any CPU
		{BB961015-2B1E-46C7-91E3-3DCBAB7B6C07}.Debug|Any CPU.Build.0 = Debug|Any CPU
		{BB961015-2B1E-46C7-91E3-3DCBAB7B6C07}.Release|Any CPU.ActiveCfg = Release|Any CPU
		{BB961015-2B1E-46C7-91E3-3DCBAB7B6C07}.Release|Any CPU.Build.0 = Release|Any CPU
	EndGlobalSection
	GlobalSection(SolutionProperties) = preSolution
		HideSolutionNode = FALSE
	EndGlobalSection
	GlobalSection(NestedProjects) = preSolution
		{D27C83D2-2EAF-4E44-A1ED-2B3C2EBB5854} = {DAFED8F5-6CBD-4384-AAD6-DC3BCCF24911}
		{81B61972-FFC7-436A-816D-29681A18BDA1} = {17DD5718-6E13-4F2C-9738-B410396D4552}
		{A2C9166D-6C2C-4410-AE25-887997E3271E} = {17DD5718-6E13-4F2C-9738-B410396D4552}
		{310BE174-7E6A-4C3F-BD2B-5B37478A9041} = {17DD5718-6E13-4F2C-9738-B410396D4552}
		{BB961015-2B1E-46C7-91E3-3DCBAB7B6C07} = {15D97D61-D597-42EC-B7E9-E9EC8130E630}
	EndGlobalSection
	GlobalSection(ExtensibilityGlobals) = postSolution
		SolutionGuid = {311DA37D-528B-43B2-A99B-E7253F841D46}
		EnterpriseLibraryConfigurationToolBinariesPathV6 = packages\EnterpriseLibrary.Common.6.0.1304.0\lib\NET45;packages\EnterpriseLibrary.TransientFaultHandling.6.0.1304.0\lib\portable-net45+win+wp8;packages\EnterpriseLibrary.TransientFaultHandling.Caching.6.0.1304.0\lib\NET45;packages\EnterpriseLibrary.TransientFaultHandling.Data.6.0.1304.1\lib\NET45;packages\EnterpriseLibrary.TransientFaultHandling.ServiceBus.6.0.1304.0\lib\NET45;packages\EnterpriseLibrary.TransientFaultHandling.WindowsAzure.Storage.6.0.1304.0\lib\NET45;packages\EnterpriseLibrary.TransientFaultHandling.Configuration.6.0.1304.0\lib\NET45
	EndGlobalSection
EndGlobal
